
Microsoft Visual Studio Solution File, Format Version 12.00
# Visual Studio 15
VisualStudioVersion = 15.0.28307.168
MinimumVisualStudioVersion = 10.0.40219.1
Project("{FAE04EC0-301F-11D3-BF4B-00C04F79EFBC}") = "Collections_2", "Collections_2\Collections_2.csproj", "{66D9216A-3656-4058-A8DA-6E7C98971DEA}"
EndProject
Global
	GlobalSection(SolutionConfigurationPlatforms) = preSolution
		Debug|Any CPU = Debug|Any CPU
		Release|Any CPU = Release|Any CPU
	EndGlobalSection
	GlobalSection(ProjectConfigurationPlatforms) = postSolution
		{66D9216A-3656-4058-A8DA-6E7C98971DEA}.Debug|Any CPU.ActiveCfg = Debug|Any CPU
		{66D9216A-3656-4058-A8DA-6E7C98971DEA}.Debug|Any CPU.Build.0 = Debug|Any CPU
		{66D9216A-3656-4058-A8DA-6E7C98971DEA}.Release|Any CPU.ActiveCfg = Release|Any CPU
		{66D9216A-3656-4058-A8DA-6E7C98971DEA}.Release|Any CPU.Build.0 = Release|Any CPU
	EndGlobalSection
	GlobalSection(SolutionProperties) = preSolution
		HideSolutionNode = FALSE
	EndGlobalSection
	GlobalSection(ExtensibilityGlobals) = postSolution
		SolutionGuid = {365D0C97-97D4-452E-8311-D7B6ABB17AEB}
	EndGlobalSection
EndGlobal
