
Microsoft Visual Studio Solution File, Format Version 12.00
# Visual Studio 15
VisualStudioVersion = 15.0.27703.2000
MinimumVisualStudioVersion = 10.0.40219.1
Project("{FAE04EC0-301F-11D3-BF4B-00C04F79EFBC}") = "ByteBank", "ByteBank\ByteBank.csproj", "{5A406A64-32C4-4BB7-B904-EEA517DD590B}"
EndProject
Global
	GlobalSection(SolutionConfigurationPlatforms) = preSolution
		Debug|Any CPU = Debug|Any CPU
		Release|Any CPU = Release|Any CPU
	EndGlobalSection
	GlobalSection(ProjectConfigurationPlatforms) = postSolution
		{5A406A64-32C4-4BB7-B904-EEA517DD590B}.Debug|Any CPU.ActiveCfg = Debug|Any CPU
		{5A406A64-32C4-4BB7-B904-EEA517DD590B}.Debug|Any CPU.Build.0 = Debug|Any CPU
		{5A406A64-32C4-4BB7-B904-EEA517DD590B}.Release|Any CPU.ActiveCfg = Release|Any CPU
		{5A406A64-32C4-4BB7-B904-EEA517DD590B}.Release|Any CPU.Build.0 = Release|Any CPU
	EndGlobalSection
	GlobalSection(SolutionProperties) = preSolution
		HideSolutionNode = FALSE
	EndGlobalSection
	GlobalSection(ExtensibilityGlobals) = postSolution
		SolutionGuid = {D7993EE7-CC08-4ABC-827E-8BA658393571}
	EndGlobalSection
EndGlobal
