
Microsoft Visual Studio Solution File, Format Version 12.00
# Visual Studio 15
VisualStudioVersion = 15.0.27703.2000
MinimumVisualStudioVersion = 10.0.40219.1
Project("{FAE04EC0-301F-11D3-BF4B-00C04F79EFBC}") = "ByteBank.SistemaInterno", "ByteBank.SistemaInterno\ByteBank.SistemaInterno.csproj", "{5153662E-6FCE-48E6-BDE1-B3F2883E11CA}"
EndProject
Global
	GlobalSection(SolutionConfigurationPlatforms) = preSolution
		Debug|Any CPU = Debug|Any CPU
		Release|Any CPU = Release|Any CPU
	EndGlobalSection
	GlobalSection(ProjectConfigurationPlatforms) = postSolution
		{5153662E-6FCE-48E6-BDE1-B3F2883E11CA}.Debug|Any CPU.ActiveCfg = Debug|Any CPU
		{5153662E-6FCE-48E6-BDE1-B3F2883E11CA}.Debug|Any CPU.Build.0 = Debug|Any CPU
		{5153662E-6FCE-48E6-BDE1-B3F2883E11CA}.Release|Any CPU.ActiveCfg = Release|Any CPU
		{5153662E-6FCE-48E6-BDE1-B3F2883E11CA}.Release|Any CPU.Build.0 = Release|Any CPU
	EndGlobalSection
	GlobalSection(SolutionProperties) = preSolution
		HideSolutionNode = FALSE
	EndGlobalSection
	GlobalSection(ExtensibilityGlobals) = postSolution
		SolutionGuid = {7255E70F-CF85-4E7F-B340-519B49A53B10}
	EndGlobalSection
EndGlobal
